Microsoft Visual Studio Solution File, Format Version 12.00
# Visual Studio Version 17
VisualStudioVersion = 17.13.35919.96
MinimumVisualStudioVersion = 10.0.40219.1
Project("{8BC9CEB8-8B4A-11D0-8D11-00A0C91BC942}") = "L20250408", "L20250408.vcxproj", "{C33F4452-6984-4DB9-A618-1A6BFBB33BBC}"
EndProject
Project("{8BC9CEB8-8B4A-11D0-8D11-00A0C91BC942}") = "L20250408_DynamicAlloc", "..\L20250408_DynamicAlloc\L20250408_DynamicAlloc.vcxproj", "{58605219-9624-4B77-AEC6-7491221B3B62}"
EndProject
Project("{8BC9CEB8-8B4A-11D0-8D11-00A0C91BC942}") = "L20250408_ConsolePlay", "..\L20250408_ConsolePlay\L20250408_ConsolePlay.vcxproj", "{A1896224-2344-4590-82AD-F1118A534655}"
EndProject
Project("{8BC9CEB8-8B4A-11D0-8D11-00A0C91BC942}") = "L20250414_MovingPlayer", "..\L20250414_MovingPlayer\L20250414_MovingPlayer.vcxproj", "{380D7580-17D1-41C4-919D-E194B1F604A5}"
EndProject
Project("{8BC9CEB8-8B4A-11D0-8D11-00A0C91BC942}") = "L20250414_Class", "..\L20250414_Class\L20250414_Class.vcxproj", "{EBA9382B-167B-4966-98C0-70001B21E20B}"
EndProject
Project("{8BC9CEB8-8B4A-11D0-8D11-00A0C91BC942}") = "L20250415_Inheritance", "..\L20250415_Inheritance\L20250415_Inheritance.vcxproj", "{E98F7B35-F5AB-4A72-9A59-12DFE821FAF6}"
EndProject
Global
	GlobalSection(SolutionConfigurationPlatforms) = preSolution
		Debug|x64 = Debug|x64
		Debug|x86 = Debug|x86
		Release|x64 = Release|x64
		Release|x86 = Release|x86
	EndGlobalSection
	GlobalSection(ProjectConfigurationPlatforms) = postSolution
		{C33F4452-6984-4DB9-A618-1A6BFBB33BBC}.Debug|x64.ActiveCfg = Debug|x64
		{C33F4452-6984-4DB9-A618-1A6BFBB33BBC}.Debug|x64.Build.0 = Debug|x64
		{C33F4452-6984-4DB9-A618-1A6BFBB33BBC}.Debug|x86.ActiveCfg = Debug|Win32
		{C33F4452-6984-4DB9-A618-1A6BFBB33BBC}.Debug|x86.Build.0 = Debug|Win32
		{C33F4452-6984-4DB9-A618-1A6BFBB33BBC}.Release|x64.ActiveCfg = Release|x64
		{C33F4452-6984-4DB9-A618-1A6BFBB33BBC}.Release|x64.Build.0 = Release|x64
		{C33F4452-6984-4DB9-A618-1A6BFBB33BBC}.Release|x86.ActiveCfg = Release|Win32
		{C33F4452-6984-4DB9-A618-1A6BFBB33BBC}.Release|x86.Build.0 = Release|Win32
		{58605219-9624-4B77-AEC6-7491221B3B62}.Debug|x64.ActiveCfg = Debug|x64
		{58605219-9624-4B77-AEC6-7491221B3B62}.Debug|x64.Build.0 = Debug|x64
		{58605219-9624-4B77-AEC6-7491221B3B62}.Debug|x86.ActiveCfg = Debug|Win32
		{58605219-9624-4B77-AEC6-7491221B3B62}.Debug|x86.Build.0 = Debug|Win32
		{58605219-9624-4B77-AEC6-7491221B3B62}.Release|x64.ActiveCfg = Release|x64
		{58605219-9624-4B77-AEC6-7491221B3B62}.Release|x64.Build.0 = Release|x64
		{58605219-9624-4B77-AEC6-7491221B3B62}.Release|x86.ActiveCfg = Release|Win32
		{58605219-9624-4B77-AEC6-7491221B3B62}.Release|x86.Build.0 = Release|Win32
		{A1896224-2344-4590-82AD-F1118A534655}.Debug|x64.ActiveCfg = Debug|x64
		{A1896224-2344-4590-82AD-F1118A534655}.Debug|x64.Build.0 = Debug|x64
		{A1896224-2344-4590-82AD-F1118A534655}.Debug|x86.ActiveCfg = Debug|Win32
		{A1896224-2344-4590-82AD-F1118A534655}.Debug|x86.Build.0 = Debug|Win32
		{A1896224-2344-4590-82AD-F1118A534655}.Release|x64.ActiveCfg = Release|x64
		{A1896224-2344-4590-82AD-F1118A534655}.Release|x64.Build.0 = Release|x64
		{A1896224-2344-4590-82AD-F1118A534655}.Release|x86.ActiveCfg = Release|Win32
		{A1896224-2344-4590-82AD-F1118A534655}.Release|x86.Build.0 = Release|Win32
		{380D7580-17D1-41C4-919D-E194B1F604A5}.Debug|x64.ActiveCfg = Debug|x64
		{380D7580-17D1-41C4-919D-E194B1F604A5}.Debug|x64.Build.0 = Debug|x64
		{380D7580-17D1-41C4-919D-E194B1F604A5}.Debug|x86.ActiveCfg = Debug|Win32
		{380D7580-17D1-41C4-919D-E194B1F604A5}.Debug|x86.Build.0 = Debug|Win32
		{380D7580-17D1-41C4-919D-E194B1F604A5}.Release|x64.ActiveCfg = Release|x64
		{380D7580-17D1-41C4-919D-E194B1F604A5}.Release|x64.Build.0 = Release|x64
		{380D7580-17D1-41C4-919D-E194B1F604A5}.Release|x86.ActiveCfg = Release|Win32
		{380D7580-17D1-41C4-919D-E194B1F604A5}.Release|x86.Build.0 = Release|Win32
		{EBA9382B-167B-4966-98C0-70001B21E20B}.Debug|x64.ActiveCfg = Debug|x64
		{EBA9382B-167B-4966-98C0-70001B21E20B}.Debug|x64.Build.0 = Debug|x64
		{EBA9382B-167B-4966-98C0-70001B21E20B}.Debug|x86.ActiveCfg = Debug|Win32
		{EBA9382B-167B-4966-98C0-70001B21E20B}.Debug|x86.Build.0 = Debug|Win32
		{EBA9382B-167B-4966-98C0-70001B21E20B}.Release|x64.ActiveCfg = Release|x64
		{EBA9382B-167B-4966-98C0-70001B21E20B}.Release|x64.Build.0 = Release|x64
		{EBA9382B-167B-4966-98C0-70001B21E20B}.Release|x86.ActiveCfg = Release|Win32
		{EBA9382B-167B-4966-98C0-70001B21E20B}.Release|x86.Build.0 = Release|Win32
		{E98F7B35-F5AB-4A72-9A59-12DFE821FAF6}.Debug|x64.ActiveCfg = Debug|x64
		{E98F7B35-F5AB-4A72-9A59-12DFE821FAF6}.Debug|x64.Build.0 = Debug|x64
		{E98F7B35-F5AB-4A72-9A59-12DFE821FAF6}.Debug|x86.ActiveCfg = Debug|Win32
		{E98F7B35-F5AB-4A72-9A59-12DFE821FAF6}.Debug|x86.Build.0 = Debug|Win32
		{E98F7B35-F5AB-4A72-9A59-12DFE821FAF6}.Release|x64.ActiveCfg = Release|x64
		{E98F7B35-F5AB-4A72-9A59-12DFE821FAF6}.Release|x64.Build.0 = Release|x64
		{E98F7B35-F5AB-4A72-9A59-12DFE821FAF6}.Release|x86.ActiveCfg = Release|Win32
		{E98F7B35-F5AB-4A72-9A59-12DFE821FAF6}.Release|x86.Build.0 = Release|Win32
	EndGlobalSection
	GlobalSection(SolutionProperties) = preSolution
		HideSolutionNode = FALSE
	EndGlobalSection
	GlobalSection(ExtensibilityGlobals) = postSolution
		SolutionGuid = {78534274-8E9E-4B37-8D24-BE03854ED06E}
	EndGlobalSection
EndGlobal
